// !$*UTF8*$!
{
	archiveVersion = 1;
	classes = {
	};
	objectVersion = 77;
	objects = {

/* Begin PBXContainerItemProxy section */
		55A64FC32D261820003F2B52 /* PBXContainerItemProxy */ = {
			isa = PBXContainerItemProxy;
			containerPortal = 55A64FA92D26181E003F2B52 /* Project object */;
			proxyType = 1;
			remoteGlobalIDString = 55A64FB02D26181E003F2B52;
			remoteInfo = TakeABreak;
		};
		55A64FCD2D261820003F2B52 /* PBXContainerItemProxy */ = {
			isa = PBXContainerItemProxy;
			containerPortal = 55A64FA92D26181E003F2B52 /* Project object */;
			proxyType = 1;
			remoteGlobalIDString = 55A64FB02D26181E003F2B52;
			remoteInfo = TakeABreak;
		};
/* End PBXContainerItemProxy section */

/* Begin PBXFileReference section */
		55A64FB12D26181E003F2B52 /* TakeABreak.app */ = {isa = PBXFileReference; explicitFileType = wrapper.application; includeInIndex = 0; path = TakeABreak.app; sourceTree = BUILT_PRODUCTS_DIR; };
		55A64FC22D261820003F2B52 /* TakeABreakTests.xctest */ = {isa = PBXFileReference; explicitFileType = wrapper.cfbundle; includeInIndex = 0; path = TakeABreakTests.xctest; sourceTree = BUILT_PRODUCTS_DIR; };
		55A64FCC2D261820003F2B52 /* TakeABreakUITests.xctest */ = {isa = PBXFileReference; explicitFileType = wrapper.cfbundle; includeInIndex = 0; path = TakeABreakUITests.xctest; sourceTree = BUILT_PRODUCTS_DIR; };
/* End PBXFileReference section */

/* Begin PBXFileSystemSynchronizedRootGroup section */
		55A64FB32D26181E003F2B52 /* TakeABreak */ = {
			isa = PBXFileSystemSynchronizedRootGroup;
			path = TakeABreak;
			sourceTree = "<group>";
		};
		55A64FC52D261820003F2B52 /* TakeABreakTests */ = {
			isa = PBXFileSystemSynchronizedRootGroup;
			path = TakeABreakTests;
			sourceTree = "<group>";
		};
		55A64FCF2D261820003F2B52 /* TakeABreakUITests */ = {
			isa = PBXFileSystemSynchronizedRootGroup;
			path = TakeABreakUITests;
			sourceTree = "<group>";
		};
/* End PBXFileSystemSynchronizedRootGroup section */

/* Begin PBXFrameworksBuildPhase section */
		55A64FAE2D26181E003F2B52 /* Frameworks */ = {
			isa = PBXFrameworksBuildPhase;
			buildActionMask = 2147483647;
			files = (
			);
			runOnlyForDeploymentPostprocessing = 0;
		};
		55A64FBF2D261820003F2B52 /* Frameworks */ = {
			isa = PBXFrameworksBuildPhase;
			buildActionMask = 2147483647;
			files = (
			);
			runOnlyForDeploymentPostprocessing = 0;
		};
		55A64FC92D261820003F2B52 /* Frameworks */ = {
			isa = PBXFrameworksBuildPhase;
			buildActionMask = 2147483647;
			files = (
			);
			runOnlyForDeploymentPostprocessing = 0;
		};
/* End PBXFrameworksBuildPhase section */

/* Begin PBXGroup section */
		55A64FA82D26181E003F2B52 = {
			isa = PBXGroup;
			children = (
				55A64FB32D26181E003F2B52 /* TakeABreak */,
				55A64FC52D261820003F2B52 /* TakeABreakTests */,
				55A64FCF2D261820003F2B52 /* TakeABreakUITests */,
				55A64FB22D26181E003F2B52 /* Products */,
			);
			sourceTree = "<group>";
		};
		55A64FB22D26181E003F2B52 /* Products */ = {
			isa = PBXGroup;
			children = (
				55A64FB12D26181E003F2B52 /* TakeABreak.app */,
				55A64FC22D261820003F2B52 /* TakeABreakTests.xctest */,
				55A64FCC2D261820003F2B52 /* TakeABreakUITests.xctest */,
			);
			name = Products;
			sourceTree = "<group>";
		};
/* End PBXGroup section */

/* Begin PBXNativeTarget section */
		55A64FB02D26181E003F2B52 /* TakeABreak */ = {
			isa = PBXNativeTarget;
			buildConfigurationList = 55A64FD62D261820003F2B52 /* Build configuration list for PBXNativeTarget "TakeABreak" */;
			buildPhases = (
				55A64FAD2D26181E003F2B52 /* Sources */,
				55A64FAE2D26181E003F2B52 /* Frameworks */,
				55A64FAF2D26181E003F2B52 /* Resources */,
			);
			buildRules = (
			);
			dependencies = (
			);
			fileSystemSynchronizedGroups = (
				55A64FB32D26181E003F2B52 /* TakeABreak */,
			);
			name = TakeABreak;
			packageProductDependencies = (
			);
			productName = TakeABreak;
			productReference = 55A64FB12D26181E003F2B52 /* TakeABreak.app */;
			productType = "com.apple.product-type.application";
		};
		55A64FC12D261820003F2B52 /* TakeABreakTests */ = {
			isa = PBXNativeTarget;
			buildConfigurationList = 55A64FD92D261820003F2B52 /* Build configuration list for PBXNativeTarget "TakeABreakTests" */;
			buildPhases = (
				55A64FBE2D261820003F2B52 /* Sources */,
				55A64FBF2D261820003F2B52 /* Frameworks */,
				55A64FC02D261820003F2B52 /* Resources */,
			);
			buildRules = (
			);
			dependencies = (
				55A64FC42D261820003F2B52 /* PBXTargetDependency */,
			);
			fileSystemSynchronizedGroups = (
				55A64FC52D261820003F2B52 /* TakeABreakTests */,
			);
			name = TakeABreakTests;
			packageProductDependencies = (
			);
			productName = TakeABreakTests;
			productReference = 55A64FC22D261820003F2B52 /* TakeABreakTests.xctest */;
			productType = "com.apple.product-type.bundle.unit-test";
		};
		55A64FCB2D261820003F2B52 /* TakeABreakUITests */ = {
			isa = PBXNativeTarget;
			buildConfigurationList = 55A64FDC2D261820003F2B52 /* Build configuration list for PBXNativeTarget "TakeABreakUITests" */;
			buildPhases = (
				55A64FC82D261820003F2B52 /* Sources */,
				55A64FC92D261820003F2B52 /* Frameworks */,
				55A64FCA2D261820003F2B52 /* Resources */,
			);
			buildRules = (
			);
			dependencies = (
				55A64FCE2D261820003F2B52 /* PBXTargetDependency */,
			);
			fileSystemSynchronizedGroups = (
				55A64FCF2D261820003F2B52 /* TakeABreakUITests */,
			);
			name = TakeABreakUITests;
			packageProductDependencies = (
			);
			productName = TakeABreakUITests;
			productReference = 55A64FCC2D261820003F2B52 /* TakeABreakUITests.xctest */;
			productType = "com.apple.product-type.bundle.ui-testing";
		};
/* End PBXNativeTarget section */

/* Begin PBXProject section */
		55A64FA92D26181E003F2B52 /* Project object */ = {
			isa = PBXProject;
			attributes = {
				BuildIndependentTargetsInParallel = 1;
				LastSwiftUpdateCheck = 1600;
				LastUpgradeCheck = 1600;
				TargetAttributes = {
					55A64FB02D26181E003F2B52 = {
						CreatedOnToolsVersion = 16.0;
					};
					55A64FC12D261820003F2B52 = {
						CreatedOnToolsVersion = 16.0;
						TestTargetID = 55A64FB02D26181E003F2B52;
					};
					55A64FCB2D261820003F2B52 = {
						CreatedOnToolsVersion = 16.0;
						TestTargetID = 55A64FB02D26181E003F2B52;
					};
				};
			};
			buildConfigurationList = 55A64FAC2D26181E003F2B52 /* Build configuration list for PBXProject "TakeABreak" */;
			developmentRegion = en;
			hasScannedForEncodings = 0;
			knownRegions = (
				en,
				Base,
			);
			mainGroup = 55A64FA82D26181E003F2B52;
			minimizedProjectReferenceProxies = 1;
			preferredProjectObjectVersion = 77;
			productRefGroup = 55A64FB22D26181E003F2B52 /* Products */;
			projectDirPath = "";
			projectRoot = "";
			targets = (
				55A64FB02D26181E003F2B52 /* TakeABreak */,
				55A64FC12D261820003F2B52 /* TakeABreakTests */,
				55A64FCB2D261820003F2B52 /* TakeABreakUITests */,
			);
		};
/* End PBXProject section */

/* Begin PBXResourcesBuildPhase section */
		55A64FAF2D26181E003F2B52 /* Resources */ = {
			isa = PBXResourcesBuildPhase;
			buildActionMask = 2147483647;
			files = (
			);
			runOnlyForDeploymentPostprocessing = 0;
		};
		55A64FC02D261820003F2B52 /* Resources */ = {
			isa = PBXResourcesBuildPhase;
			buildActionMask = 2147483647;
			files = (
			);
			runOnlyForDeploymentPostprocessing = 0;
		};
		55A64FCA2D261820003F2B52 /* Resources */ = {
			isa = PBXResourcesBuildPhase;
			buildActionMask = 2147483647;
			files = (
			);
			runOnlyForDeploymentPostprocessing = 0;
		};
/* End PBXResourcesBuildPhase section */

/* Begin PBXSourcesBuildPhase section */
		55A64FAD2D26181E003F2B52 /* Sources */ = {
			isa = PBXSourcesBuildPhase;
			buildActionMask = 2147483647;
			files = (
			);
			runOnlyForDeploymentPostprocessing = 0;
		};
		55A64FBE2D261820003F2B52 /* Sources */ = {
			isa = PBXSourcesBuildPhase;
			buildActionMask = 2147483647;
			files = (
			);
			runOnlyForDeploymentPostprocessing = 0;
		};
		55A64FC82D261820003F2B52 /* Sources */ = {
			isa = PBXSourcesBuildPhase;
			buildActionMask = 2147483647;
			files = (
			);
			runOnlyForDeploymentPostprocessing = 0;
		};
/* End PBXSourcesBuildPhase section */

/* Begin PBXTargetDependency section */
		55A64FC42D261820003F2B52 /* PBXTargetDependency */ = {
			isa = PBXTargetDependency;
			target = 55A64FB02D26181E003F2B52 /* TakeABreak */;
			targetProxy = 55A64FC32D261820003F2B52 /* PBXContainerItemProxy */;
		};
		55A64FCE2D261820003F2B52 /* PBXTargetDependency */ = {
			isa = PBXTargetDependency;
			target = 55A64FB02D26181E003F2B52 /* TakeABreak */;
			targetProxy = 55A64FCD2D261820003F2B52 /* PBXContainerItemProxy */;
		};
/* End PBXTargetDependency section */

/* Begin XCBuildConfiguration section */
		55A64FD42D261820003F2B52 /* Debug */ = {
			isa = XCBuildConfiguration;
			buildSettings = {
				ALWAYS_SEARCH_USER_PATHS = NO;
				ASSETCATALOG_COMPILER_GENERATE_SWIFT_ASSET_SYMBOL_EXTENSIONS = YES;
				CLANG_ANALYZER_NONNULL = YES;
				CLANG_ANALYZER_NUMBER_OBJECT_CONVERSION = YES_AGGRESSIVE;
				CLANG_CXX_LANGUAGE_STANDARD = "gnu++20";
				CLANG_ENABLE_MODULES = YES;
				CLANG_ENABLE_OBJC_ARC = YES;
				CLANG_ENABLE_OBJC_WEAK = YES;
				CLANG_WARN_BLOCK_CAPTURE_AUTORELEASING = YES;
				CLANG_WARN_BOOL_CONVERSION = YES;
				CLANG_WARN_COMMA = YES;
				CLANG_WARN_CONSTANT_CONVERSION = YES;
				CLANG_WARN_DEPRECATED_OBJC_IMPLEMENTATIONS = YES;
				CLANG_WARN_DIRECT_OBJC_ISA_USAGE = YES_ERROR;
				CLANG_WARN_DOCUMENTATION_COMMENTS = YES;
				CLANG_WARN_EMPTY_BODY = YES;
				CLANG_WARN_ENUM_CONVERSION = YES;
				CLANG_WARN_INFINITE_RECURSION = YES;
				CLANG_WARN_INT_CONVERSION = YES;
				CLANG_WARN_NON_LITERAL_NULL_CONVERSION = YES;
				CLANG_WARN_OBJC_IMPLICIT_RETAIN_SELF = YES;
				CLANG_WARN_OBJC_LITERAL_CONVERSION = YES;
				CLANG_WARN_OBJC_ROOT_CLASS = YES_ERROR;
				CLANG_WARN_QUOTED_INCLUDE_IN_FRAMEWORK_HEADER = YES;
				CLANG_WARN_RANGE_LOOP_ANALYSIS = YES;
				CLANG_WARN_STRICT_PROTOTYPES = YES;
				CLANG_WARN_SUSPICIOUS_MOVE = YES;
				CLANG_WARN_UNGUARDED_AVAILABILITY = YES_AGGRESSIVE;
				CLANG_WARN_UNREACHABLE_CODE = YES;
				CLANG_WARN__DUPLICATE_METHOD_MATCH = YES;
				COPY_PHASE_STRIP = NO;
				DEBUG_INFORMATION_FORMAT = dwarf;
				ENABLE_STRICT_OBJC_MSGSEND = YES;
				ENABLE_TESTABILITY = YES;
				ENABLE_USER_SCRIPT_SANDBOXING = YES;
				GCC_C_LANGUAGE_STANDARD = gnu17;
				GCC_DYNAMIC_NO_PIC = NO;
				GCC_NO_COMMON_BLOCKS = YES;
				GCC_OPTIMIZATION_LEVEL = 0;
				GCC_PREPROCESSOR_DEFINITIONS = (
					"DEBUG=1",
					"$(inherited)",
				);
				GCC_WARN_64_TO_32_BIT_CONVERSION = YES;
				GCC_WARN_ABOUT_RETURN_TYPE = YES_ERROR;
				GCC_WARN_UNDECLARED_SELECTOR = YES;
				GCC_WARN_UNINITIALIZED_AUTOS = YES_AGGRESSIVE;
				GCC_WARN_UNUSED_FUNCTION = YES;
				GCC_WARN_UNUSED_VARIABLE = YES;
				LOCALIZATION_PREFERS_STRING_CATALOGS = YES;
				MACOSX_DEPLOYMENT_TARGET = 15.0;
				MTL_ENABLE_DEBUG_INFO = INCLUDE_SOURCE;
				MTL_FAST_MATH = YES;
				ONLY_ACTIVE_ARCH = YES;
				SDKROOT = macosx;
				SWIFT_ACTIVE_COMPILATION_CONDITIONS = "DEBUG $(inherited)";
				SWIFT_OPTIMIZATION_LEVEL = "-Onone";
			};
			name = Debug;
		};
		55A64FD52D261820003F2B52 /* Release */ = {
			isa = XCBuildConfiguration;
			buildSettings = {
				ALWAYS_SEARCH_USER_PATHS = NO;
				ASSETCATALOG_COMPILER_GENERATE_SWIFT_ASSET_SYMBOL_EXTENSIONS = YES;
				CLANG_ANALYZER_NONNULL = YES;
				CLANG_ANALYZER_NUMBER_OBJECT_CONVERSION = YES_AGGRESSIVE;
				CLANG_CXX_LANGUAGE_STANDARD = "gnu++20";
				CLANG_ENABLE_MODULES = YES;
				CLANG_ENABLE_OBJC_ARC = YES;
				CLANG_ENABLE_OBJC_WEAK = YES;
				CLANG_WARN_BLOCK_CAPTURE_AUTORELEASING = YES;
				CLANG_WARN_BOOL_CONVERSION = YES;
				CLANG_WARN_COMMA = YES;
				CLANG_WARN_CONSTANT_CONVERSION = YES;
				CLANG_WARN_DEPRECATED_OBJC_IMPLEMENTATIONS = YES;
				CLANG_WARN_DIRECT_OBJC_ISA_USAGE = YES_ERROR;
				CLANG_WARN_DOCUMENTATION_COMMENTS = YES;
				CLANG_WARN_EMPTY_BODY = YES;
				CLANG_WARN_ENUM_CONVERSION = YES;
				CLANG_WARN_INFINITE_RECURSION = YES;
				CLANG_WARN_INT_CONVERSION = YES;
				CLANG_WARN_NON_LITERAL_NULL_CONVERSION = YES;
				CLANG_WARN_OBJC_IMPLICIT_RETAIN_SELF = YES;
				CLANG_WARN_OBJC_LITERAL_CONVERSION = YES;
				CLANG_WARN_OBJC_ROOT_CLASS = YES_ERROR;
				CLANG_WARN_QUOTED_INCLUDE_IN_FRAMEWORK_HEADER = YES;
				CLANG_WARN_RANGE_LOOP_ANALYSIS = YES;
				CLANG_WARN_STRICT_PROTOTYPES = YES;
				CLANG_WARN_SUSPICIOUS_MOVE = YES;
				CLANG_WARN_UNGUARDED_AVAILABILITY = YES_AGGRESSIVE;
				CLANG_WARN_UNREACHABLE_CODE = YES;
				CLANG_WARN__DUPLICATE_METHOD_MATCH = YES;
				COPY_PHASE_STRIP = NO;
				DEBUG_INFORMATION_FORMAT = "dwarf-with-dsym";
				ENABLE_NS_ASSERTIONS = NO;
				ENABLE_STRICT_OBJC_MSGSEND = YES;
				ENABLE_USER_SCRIPT_SANDBOXING = YES;
				GCC_C_LANGUAGE_STANDARD = gnu17;
				GCC_NO_COMMON_BLOCKS = YES;
				GCC_WARN_64_TO_32_BIT_CONVERSION = YES;
				GCC_WARN_ABOUT_RETURN_TYPE = YES_ERROR;
				GCC_WARN_UNDECLARED_SELECTOR = YES;
				GCC_WARN_UNINITIALIZED_AUTOS = YES_AGGRESSIVE;
				GCC_WARN_UNUSED_FUNCTION = YES;
				GCC_WARN_UNUSED_VARIABLE = YES;
				LOCALIZATION_PREFERS_STRING_CATALOGS = YES;
				MACOSX_DEPLOYMENT_TARGET = 15.0;
				MTL_ENABLE_DEBUG_INFO = NO;
				MTL_FAST_MATH = YES;
				SDKROOT = macosx;
				SWIFT_COMPILATION_MODE = wholemodule;
			};
			name = Release;
		};
		55A64FD72D261820003F2B52 /* Debug */ = {
			isa = XCBuildConfiguration;
			buildSettings = {
				ASSETCATALOG_COMPILER_APPICON_NAME = AppIcon;
				ASSETCATALOG_COMPILER_GLOBAL_ACCENT_COLOR_NAME = AccentColor;
				CODE_SIGN_ENTITLEMENTS = TakeABreak/TakeABreak.entitlements;
				CODE_SIGN_STYLE = Automatic;
				COMBINE_HIDPI_IMAGES = YES;
				CURRENT_PROJECT_VERSION = 1;
				DEVELOPMENT_ASSET_PATHS = "\"TakeABreak/Preview Content\"";
				ENABLE_PREVIEWS = YES;
				GENERATE_INFOPLIST_FILE = YES;
				INFOPLIST_KEY_NSHumanReadableCopyright = "";
				LD_RUNPATH_SEARCH_PATHS = (
					"$(inherited)",
					"@executable_path/../Frameworks",
				);
				MARKETING_VERSION = 1.0;
				PRODUCT_BUNDLE_IDENTIFIER = prastab.TakeABreak;
				PRODUCT_NAME = "$(TARGET_NAME)";
				SWIFT_EMIT_LOC_STRINGS = YES;
				SWIFT_VERSION = 5.0;
			};
			name = Debug;
		};
		55A64FD82D261820003F2B52 /* Release */ = {
			isa = XCBuildConfiguration;
			buildSettings = {
				ASSETCATALOG_COMPILER_APPICON_NAME = AppIcon;
				ASSETCATALOG_COMPILER_GLOBAL_ACCENT_COLOR_NAME = AccentColor;
				CODE_SIGN_ENTITLEMENTS = TakeABreak/TakeABreak.entitlements;
				CODE_SIGN_STYLE = Automatic;
				COMBINE_HIDPI_IMAGES = YES;
				CURRENT_PROJECT_VERSION = 1;
				DEVELOPMENT_ASSET_PATHS = "\"TakeABreak/Preview Content\"";
				ENABLE_PREVIEWS = YES;
				GENERATE_INFOPLIST_FILE = YES;
				INFOPLIST_KEY_NSHumanReadableCopyright = "";
				LD_RUNPATH_SEARCH_PATHS = (
					"$(inherited)",
					"@executable_path/../Frameworks",
				);
				MARKETING_VERSION = 1.0;
				PRODUCT_BUNDLE_IDENTIFIER = prastab.TakeABreak;
				PRODUCT_NAME = "$(TARGET_NAME)";
				SWIFT_EMIT_LOC_STRINGS = YES;
				SWIFT_VERSION = 5.0;
			};
			name = Release;
		};
		55A64FDA2D261820003F2B52 /* Debug */ = {
			isa = XCBuildConfiguration;
			buildSettings = {
				BUNDLE_LOADER = "$(TEST_HOST)";
				CODE_SIGN_STYLE = Automatic;
				CURRENT_PROJECT_VERSION = 1;
				GENERATE_INFOPLIST_FILE = YES;
				MACOSX_DEPLOYMENT_TARGET = 15.0;
				MARKETING_VERSION = 1.0;
				PRODUCT_BUNDLE_IDENTIFIER = prastab.TakeABreakTests;
				PRODUCT_NAME = "$(TARGET_NAME)";
				SWIFT_EMIT_LOC_STRINGS = NO;
				SWIFT_VERSION = 5.0;
				TEST_HOST = "$(BUILT_PRODUCTS_DIR)/TakeABreak.app/$(BUNDLE_EXECUTABLE_FOLDER_PATH)/TakeABreak";
			};
			name = Debug;
		};
		55A64FDB2D261820003F2B52 /* Release */ = {
			isa = XCBuildConfiguration;
			buildSettings = {
				BUNDLE_LOADER = "$(TEST_HOST)";
				CODE_SIGN_STYLE = Automatic;
				CURRENT_PROJECT_VERSION = 1;
				GENERATE_INFOPLIST_FILE = YES;
				MACOSX_DEPLOYMENT_TARGET = 15.0;
				MARKETING_VERSION = 1.0;
				PRODUCT_BUNDLE_IDENTIFIER = prastab.TakeABreakTests;
				PRODUCT_NAME = "$(TARGET_NAME)";
				SWIFT_EMIT_LOC_STRINGS = NO;
				SWIFT_VERSION = 5.0;
				TEST_HOST = "$(BUILT_PRODUCTS_DIR)/TakeABreak.app/$(BUNDLE_EXECUTABLE_FOLDER_PATH)/TakeABreak";
			};
			name = Release;
		};
		55A64FDD2D261820003F2B52 /* Debug */ = {
			isa = XCBuildConfiguration;
			buildSettings = {
				CODE_SIGN_STYLE = Automatic;
				CURRENT_PROJECT_VERSION = 1;
				GENERATE_INFOPLIST_FILE = YES;
				MARKETING_VERSION = 1.0;
				PRODUCT_BUNDLE_IDENTIFIER = prastab.TakeABreakUITests;
				PRODUCT_NAME = "$(TARGET_NAME)";
				SWIFT_EMIT_LOC_STRINGS = NO;
				SWIFT_VERSION = 5.0;
				TEST_TARGET_NAME = TakeABreak;
			};
			name = Debug;
		};
		55A64FDE2D261820003F2B52 /* Release */ = {
			isa = XCBuildConfiguration;
			buildSettings = {
				CODE_SIGN_STYLE = Automatic;
				CURRENT_PROJECT_VERSION = 1;
				GENERATE_INFOPLIST_FILE = YES;
				MARKETING_VERSION = 1.0;
				PRODUCT_BUNDLE_IDENTIFIER = prastab.TakeABreakUITests;
				PRODUCT_NAME = "$(TARGET_NAME)";
				SWIFT_EMIT_LOC_STRINGS = NO;
				SWIFT_VERSION = 5.0;
				TEST_TARGET_NAME = TakeABreak;
			};
			name = Release;
		};
/* End XCBuildConfiguration section */

/* Begin XCConfigurationList section */
		55A64FAC2D26181E003F2B52 /* Build configuration list for PBXProject "TakeABreak" */ = {
			isa = XCConfigurationList;
			buildConfigurations = (
				55A64FD42D261820003F2B52 /* Debug */,
				55A64FD52D261820003F2B52 /* Release */,
			);
			defaultConfigurationIsVisible = 0;
			defaultConfigurationName = Release;
		};
		55A64FD62D261820003F2B52 /* Build configuration list for PBXNativeTarget "TakeABreak" */ = {
			isa = XCConfigurationList;
			buildConfigurations = (
				55A64FD72D261820003F2B52 /* Debug */,
				55A64FD82D261820003F2B52 /* Release */,
			);
			defaultConfigurationIsVisible = 0;
			defaultConfigurationName = Release;
		};
		55A64FD92D261820003F2B52 /* Build configuration list for PBXNativeTarget "TakeABreakTests" */ = {
			isa = XCConfigurationList;
			buildConfigurations = (
				55A64FDA2D261820003F2B52 /* Debug */,
				55A64FDB2D261820003F2B52 /* Release */,
			);
			defaultConfigurationIsVisible = 0;
			defaultConfigurationName = Release;
		};
		55A64FDC2D261820003F2B52 /* Build configuration list for PBXNativeTarget "TakeABreakUITests" */ = {
			isa = XCConfigurationList;
			buildConfigurations = (
				55A64FDD2D261820003F2B52 /* Debug */,
				55A64FDE2D261820003F2B52 /* Release */,
			);
			defaultConfigurationIsVisible = 0;
			defaultConfigurationName = Release;
		};
/* End XCConfigurationList section */
	};
	rootObject = 55A64FA92D26181E003F2B52 /* Project object */;
}
